PODS:
  - libaom (2.0.2):
    - libvmaf
  - libavif (0.8.1):
    - libavif/libaom (= 0.8.1)
  - libavif/core (0.8.1)
  - libavif/libaom (0.8.1):
    - libaom (>= 1.0.2)
    - libavif/core
  - libavif/libdav1d-8bit (0.8.1):
    - libavif/core
    - libdav1d/8bit
  - libdav1d/8bit (0.0.7)
  - libvmaf (2.2.0)
  - Nuke (10.7.1)
  - Nuke-Avif-Plugin (0.0.1):
    - libavif
    - Nuke (~> 10.0)
  - RxCocoa (6.5.0):
    - RxRelay (= 6.5.0)
    - RxSwift (= 6.5.0)
  - RxRelay (6.5.0):
    - RxSwift (= 6.5.0)
  - RxSwift (6.5.0)

DEPENDENCIES:
  - libavif/libdav1d-8bit (from `https://raw.githubusercontent.com/link-u/libavif-Xcode/workaround/dav1d-static/libavif.podspec`)
  - "libdav1d/8bit (from `git@github.com:link-u/libdav1d-static.git`)"
  - Nuke
  - Nuke-Avif-Plugin (from `../`)
  - RxCocoa
  - RxSwift

SPEC REPOS:
  trunk:
    - libaom
    - libvmaf
    - Nuke
    - RxCocoa
    - RxRelay
    - RxSwift

EXTERNAL SOURCES:
  libavif:
    :podspec: https://raw.githubusercontent.com/link-u/libavif-Xcode/workaround/dav1d-static/libavif.podspec
  libdav1d:
    :git: "git@github.com:link-u/libdav1d-static.git"
  Nuke-Avif-Plugin:
    :path: "../"

CHECKOUT OPTIONS:
  libdav1d:
    :commit: cd8660c52db4286cdbb167f515b923214c8cdb60
    :git: "git@github.com:link-u/libdav1d-static.git"

SPEC CHECKSUMS:
  libaom: 9bb51e0f8f9192245e3ca2a1c9e4375d9cbccc52
  libavif: b317b1c7c3a11c84068e0305e082e94c12e7cdf1
  libdav1d: 094dc003778d1abb26cf6a077fea154e8951e198
  libvmaf: 8d61aabc2f4ed3e6591cf7406fa00a223ec11289
  Nuke: 279f17a599fd1c83cf51de5e0e1f2db143a287b0
  Nuke-Avif-Plugin: 50b782778f52b5e07f95d956789492f44e742f67
  RxCocoa: 94f817b71c07517321eb4f9ad299112ca8af743b
  RxRelay: 1de1523e604c72b6c68feadedd1af3b1b4d0ecbd
  RxSwift: 5710a9e6b17f3c3d6e40d6e559b9fa1e813b2ef8

PODFILE CHECKSUM: 72ffcb32a0aeed1025797d7b13314fe84b09209e

COCOAPODS: 1.11.2
