PODS:
  - libavif (0.8.1):
    - libavif/libdav1d-8bit (= 0.8.1)
  - libavif/core (0.8.1)
  - libavif/libdav1d-8bit (0.8.1):
    - libavif/core
    - libdav1d/8bit
  - libdav1d/8bit (0.0.8)
  - Nuke (10.7.1)
  - Nuke-Avif-Plugin (0.0.2):
    - libavif
    - Nuke (~> 10.0)
  - RxCocoa (6.5.0):
    - RxRelay (= 6.5.0)
    - RxSwift (= 6.5.0)
  - RxRelay (6.5.0):
    - RxSwift (= 6.5.0)
  - RxSwift (6.5.0)

DEPENDENCIES:
  - libavif (from `https://raw.githubusercontent.com/link-u/libavif-Xcode/feature/defaultSubspec/libavif.podspec`)
  - "libdav1d/8bit (from `git@github.com:link-u/libdav1d-static.git`)"
  - Nuke
  - Nuke-Avif-Plugin (from `../`)
  - RxCocoa
  - RxSwift

SPEC REPOS:
  trunk:
    - Nuke
    - RxCocoa
    - RxRelay
    - RxSwift

EXTERNAL SOURCES:
  libavif:
    :podspec: https://raw.githubusercontent.com/link-u/libavif-Xcode/feature/defaultSubspec/libavif.podspec
  libdav1d:
    :git: "git@github.com:link-u/libdav1d-static.git"
  Nuke-Avif-Plugin:
    :path: "../"

CHECKOUT OPTIONS:
  libdav1d:
    :commit: 60ff13c924e29ae519d6ec7c23e978deec5d45f9
    :git: "git@github.com:link-u/libdav1d-static.git"

SPEC CHECKSUMS:
  libavif: ba6bf04e07e24022de3cd594e898f4120ea7f088
  libdav1d: 1397c733f983e40a3325065275318aba6a86da7c
  Nuke: 279f17a599fd1c83cf51de5e0e1f2db143a287b0
  Nuke-Avif-Plugin: 656ca0f7d732ae81b05be4817bdf65efcb2a470f
  RxCocoa: 94f817b71c07517321eb4f9ad299112ca8af743b
  RxRelay: 1de1523e604c72b6c68feadedd1af3b1b4d0ecbd
  RxSwift: 5710a9e6b17f3c3d6e40d6e559b9fa1e813b2ef8

PODFILE CHECKSUM: b7e8c736b6587843eed6e772715cf85b5664c68c

COCOAPODS: 1.12.0
