{
  "pins" : [
    {
      "identity" : "libaom-xcode",
      "kind" : "remoteSourceControl",
      "location" : "https://github.com/SDWebImage/libaom-Xcode.git",
      "state" : {
        "revision" : "482cafbebbc5f32378b82339b7580761fab4fd23",
        "version" : "2.0.2"
      }
    },
    {
      "identity" : "libavif-xcode",
      "kind" : "remoteSourceControl",
      "location" : "https://github.com/SDWebImage/libavif-Xcode.git",
      "state" : {
        "revision" : "95551e4f2a0b256c9e746732d82138b904edefd3",
        "version" : "0.10.1"
      }
    },
    {
      "identity" : "libvmaf-xcode",
      "kind" : "remoteSourceControl",
      "location" : "https://github.com/SDWebImage/libvmaf-Xcode.git",
      "state" : {
        "revision" : "41db5dc11d05c02d1aca7de0b572a068f528c37c",
        "version" : "2.3.1"
      }
    },
    {
      "identity" : "nuke",
      "kind" : "remoteSourceControl",
      "location" : "https://github.com/kean/Nuke.git",
      "state" : {
        "revision" : "a002b7fd786f2df2ed4333fe73a9727499fd9d97",
        "version" : "10.11.2"
      }
    }
  ],
  "version" : 2
}
