{
  "pins" : [
    {
      "identity" : "libavif-xcode",
      "kind" : "remoteSourceControl",
      "location" : "git@github.com:link-u/libavif-Xcode.git",
      "state" : {
        "branch" : "workaround/dav1d-static",
        "revision" : "f7cadc9f9b82ba3258ff228d7fb0b090e55f82d8"
      }
    },
    {
      "identity" : "libdav1d-static",
      "kind" : "remoteSourceControl",
      "location" : "git@github.com:link-u/libdav1d-static",
      "state" : {
        "revision" : "f30d8e97cd7e224adcec0a162d1ce8289aa45cf1",
        "version" : "0.0.9"
      }
    },
    {
      "identity" : "nuke",
      "kind" : "remoteSourceControl",
      "location" : "https://github.com/kean/Nuke.git",
      "state" : {
        "revision" : "a002b7fd786f2df2ed4333fe73a9727499fd9d97",
        "version" : "10.11.2"
      }
    }
  ],
  "version" : 2
}
